
Microsoft Visual Studio Solution File, Format Version 12.00
# Visual Studio Version 16
VisualStudioVersion = 16.0.31410.357
MinimumVisualStudioVersion = 10.0.40219.1
Project("{FAE04EC0-301F-11D3-BF4B-00C04F79EFBC}") = "OnlineStudentTeacherCollabAppp", "OnlineStudentTeacherCollabAppp\OnlineStudentTeacherCollabAppp.csproj", "{03F3E7EF-8A08-4DC5-A744-5C8B743DAE40}"
EndProject
Global
	GlobalSection(SolutionConfigurationPlatforms) = preSolution
		Debug|Any CPU = Debug|Any CPU
		Release|Any CPU = Release|Any CPU
	EndGlobalSection
	GlobalSection(ProjectConfigurationPlatforms) = postSolution
		{03F3E7EF-8A08-4DC5-A744-5C8B743DAE40}.Debug|Any CPU.ActiveCfg = Debug|Any CPU
		{03F3E7EF-8A08-4DC5-A744-5C8B743DAE40}.Debug|Any CPU.Build.0 = Debug|Any CPU
		{03F3E7EF-8A08-4DC5-A744-5C8B743DAE40}.Release|Any CPU.ActiveCfg = Release|Any CPU
		{03F3E7EF-8A08-4DC5-A744-5C8B743DAE40}.Release|Any CPU.Build.0 = Release|Any CPU
	EndGlobalSection
	GlobalSection(SolutionProperties) = preSolution
		HideSolutionNode = FALSE
	EndGlobalSection
	GlobalSection(ExtensibilityGlobals) = postSolution
		SolutionGuid = {7462153F-F000-4478-9497-909533DFD47E}
	EndGlobalSection
EndGlobal
